github.com/mattn/go-sqlite3 v1.14.24 h1:tpSp2G2KyMnnQu99ngJ47EIkWVmliIizyZBfPrBWDRM=
github.com/mattn/go-sqlite3 v1.14.24/go.mod h1:Uh1q+B4BYcTPb+yiD3kU8Ct7aC0hY9fxUwlHK0RXw+Y=
github.com/spagettikod/thepriceisright v1.1.0 h1:xk9GGPrTGzV3IdXQRco6Ui1J4dUQocsqIIWCMVCpsTw=
github.com/spagettikod/thepriceisright v1.1.0/go.mod h1:WhFfkiPDCjlUWMq4aFCPqrP53/yuf0I4F8w4wZNxohg=
